
Microsoft Visual Studio Solution File, Format Version 12.00
# Visual Studio Version 17
VisualStudioVersion = 17.5.002.0
MinimumVisualStudioVersion = 10.0.40219.1
Project("{9A19103F-16F7-4668-BE54-9A1E7A4F7556}") = "FilmFlock.Tests", "FilmFlock.Tests.csproj", "{904BEDD3-D931-47B0-B369-B937B6A86C73}"
EndProject
Global
	GlobalSection(SolutionConfigurationPlatforms) = preSolution
		Debug|Any CPU = Debug|Any CPU
		Release|Any CPU = Release|Any CPU
	EndGlobalSection
	GlobalSection(ProjectConfigurationPlatforms) = postSolution
		{904BEDD3-D931-47B0-B369-B937B6A86C73}.Debug|Any CPU.ActiveCfg = Debug|Any CPU
		{904BEDD3-D931-47B0-B369-B937B6A86C73}.Debug|Any CPU.Build.0 = Debug|Any CPU
		{904BEDD3-D931-47B0-B369-B937B6A86C73}.Release|Any CPU.ActiveCfg = Release|Any CPU
		{904BEDD3-D931-47B0-B369-B937B6A86C73}.Release|Any CPU.Build.0 = Release|Any CPU
	EndGlobalSection
	GlobalSection(SolutionProperties) = preSolution
		HideSolutionNode = FALSE
	EndGlobalSection
	GlobalSection(ExtensibilityGlobals) = postSolution
		SolutionGuid = {8800D1A6-07A9-49BF-8898-19E6A1C4CB79}
	EndGlobalSection
EndGlobal
